
Microsoft Visual Studio Solution File, Format Version 12.00
# Visual Studio Version 17
VisualStudioVersion = 17.12.35506.116 d17.12
MinimumVisualStudioVersion = 10.0.40219.1
Project("{FAE04EC0-301F-11D3-BF4B-00C04F79EFBC}") = "MarketDataCollector", "services\MarketDataCollector\src\MarketDataCollector\MarketDataCollector.csproj", "{3D081354-DF53-4504-BEF5-FC1DCE86D6B6}"
EndProject
Project("{FAE04EC0-301F-11D3-BF4B-00C04F79EFBC}") = "MarketDataCollector.Tests", "services\MarketDataCollector\tests\MarketDataCollector.Tests\MarketDataCollector.Tests.csproj", "{176DC152-A173-4F1E-9BF1-A757D4D0115F}"
EndProject
Global
	GlobalSection(SolutionConfigurationPlatforms) = preSolution
		Debug|Any CPU = Debug|Any CPU
		Release|Any CPU = Release|Any CPU
	EndGlobalSection
	GlobalSection(ProjectConfigurationPlatforms) = postSolution
		{3D081354-DF53-4504-BEF5-FC1DCE86D6B6}.Debug|Any CPU.ActiveCfg = Debug|Any CPU
		{3D081354-DF53-4504-BEF5-FC1DCE86D6B6}.Debug|Any CPU.Build.0 = Debug|Any CPU
		{3D081354-DF53-4504-BEF5-FC1DCE86D6B6}.Release|Any CPU.ActiveCfg = Release|Any CPU
		{3D081354-DF53-4504-BEF5-FC1DCE86D6B6}.Release|Any CPU.Build.0 = Release|Any CPU
		{176DC152-A173-4F1E-9BF1-A757D4D0115F}.Debug|Any CPU.ActiveCfg = Debug|Any CPU
		{176DC152-A173-4F1E-9BF1-A757D4D0115F}.Debug|Any CPU.Build.0 = Debug|Any CPU
		{176DC152-A173-4F1E-9BF1-A757D4D0115F}.Release|Any CPU.ActiveCfg = Release|Any CPU
		{176DC152-A173-4F1E-9BF1-A757D4D0115F}.Release|Any CPU.Build.0 = Release|Any CPU
	EndGlobalSection
	GlobalSection(SolutionProperties) = preSolution
		HideSolutionNode = FALSE
	EndGlobalSection
EndGlobal
